# This file is autogenerated, do not edit; changes may be undone by the next 'dep ensure'.


[[projects]]
  branch = "master"
  digest = "1:261380a9875253091459b7cc01b4f4f177a8f8bdef961518b8353ef42084f424"
  name = "github.com/BurntSushi/graphics-go"
  packages = [
    "graphics",
    "graphics/convolve",
    "graphics/interp",
  ]
  pruneopts = "UT"
  revision = "b43f31a4a96688fba0b612e25e22648b9267e498"

[[projects]]
  branch = "master"
  digest = "1:3e65da6e36b32114b0753f8ec052a4149b95d9315bbe259c75ff00186e59db12"
  name = "github.com/minodisk/go-fix-orientation"
  packages = ["processor"]
  pruneopts = "UT"
  revision = "37c78c6093d87e1665ed99858a2b683f5a2fbe4f"

[[projects]]
  branch = "go1"
  digest = "1:a7bfbc6bed06c986eb38484a841d34718ab7528b383bed4ef487091df5d07464"
  name = "github.com/rwcarlsen/goexif"
  packages = [
    "exif",
    "tiff",
  ]
  pruneopts = "UT"
  revision = "9e8deecbddbd4989a3e8d003684b783412b41e7a"

[[projects]]
  branch = "master"
  digest = "1:f6ecdeceb64e02dcbfde0a26562e7fabe97988843e57c2fe314cf3f8e038a641"
  name = "golang.org/x/image"
  packages = [
    "draw",
    "math/f64",
  ]
  pruneopts = "UT"
  revision = "cff245a6509b8c4de022d0d5b9037c503c5989d6"

[solve-meta]
  analyzer-name = "dep"
  analyzer-version = 1
  input-imports = [
    "github.com/minodisk/go-fix-orientation/processor",
    "golang.org/x/image/draw",
  ]
  solver-name = "gps-cdcl"
  solver-version = 1
